
Microsoft Visual Studio Solution File, Format Version 12.00
# Visual Studio Version 17
VisualStudioVersion = 17.14.37203.1 d17.14
MinimumVisualStudioVersion = 10.0.40219.1
Project("{FAE04EC0-301F-11D3-BF4B-00C04F79EFBC}") = "opps", "opps\opps.csproj", "{670C1E40-5F20-4E55-BCFC-0158294FBD5D}"
EndProject
Global
	GlobalSection(SolutionConfigurationPlatforms) = preSolution
		Debug|Any CPU = Debug|Any CPU
		Release|Any CPU = Release|Any CPU
	EndGlobalSection
	GlobalSection(ProjectConfigurationPlatforms) = postSolution
		{670C1E40-5F20-4E55-BCFC-0158294FBD5D}.Debug|Any CPU.ActiveCfg = Debug|Any CPU
		{670C1E40-5F20-4E55-BCFC-0158294FBD5D}.Debug|Any CPU.Build.0 = Debug|Any CPU
		{670C1E40-5F20-4E55-BCFC-0158294FBD5D}.Release|Any CPU.ActiveCfg = Release|Any CPU
		{670C1E40-5F20-4E55-BCFC-0158294FBD5D}.Release|Any CPU.Build.0 = Release|Any CPU
	EndGlobalSection
	GlobalSection(SolutionProperties) = preSolution
		HideSolutionNode = FALSE
	EndGlobalSection
	GlobalSection(ExtensibilityGlobals) = postSolution
		SolutionGuid = {448A4625-C2FA-4B75-B02D-0E7517B71EF6}
	EndGlobalSection
EndGlobal
